
Microsoft Visual Studio Solution File, Format Version 12.00
# Visual Studio Version 16
VisualStudioVersion = 16.0.30611.23
MinimumVisualStudioVersion = 10.0.40219.1
Project("{FAE04EC0-301F-11D3-BF4B-00C04F79EFBC}") = "arsiv_odasi", "arsiv_odasi\arsiv_odasi.csproj", "{8941E783-D4AC-4856-A837-891B832882D9}"
EndProject
Global
	GlobalSection(SolutionConfigurationPlatforms) = preSolution
		Debug|Any CPU = Debug|Any CPU
		Release|Any CPU = Release|Any CPU
	EndGlobalSection
	GlobalSection(ProjectConfigurationPlatforms) = postSolution
		{8941E783-D4AC-4856-A837-891B832882D9}.Debug|Any CPU.ActiveCfg = Debug|Any CPU
		{8941E783-D4AC-4856-A837-891B832882D9}.Debug|Any CPU.Build.0 = Debug|Any CPU
		{8941E783-D4AC-4856-A837-891B832882D9}.Release|Any CPU.ActiveCfg = Release|Any CPU
		{8941E783-D4AC-4856-A837-891B832882D9}.Release|Any CPU.Build.0 = Release|Any CPU
	EndGlobalSection
	GlobalSection(SolutionProperties) = preSolution
		HideSolutionNode = FALSE
	EndGlobalSection
	GlobalSection(ExtensibilityGlobals) = postSolution
		SolutionGuid = {43D9537D-0511-46AC-80F4-0545E7DA1A2E}
	EndGlobalSection
EndGlobal
